{
  "nodes": {
    "libpanda-ng-src": {
      "flake": false,
      "locked": {
        "lastModified": 1761870394,
        "narHash": "sha256-3QPRa+4D3H6XQguarHDiQtGDWEuI1xH1D8L5u/SxNIY=",
        "owner": "rehostingdev",
        "repo": "libpanda-ng",
        "rev": "1cf935120c6109c2983496279325a00e4b7980cc",
        "type": "github"
      },
      "original": {
        "owner": "rehostingdev",
        "ref": "fixes",
        "repo": "libpanda-ng",
        "type": "github"
      }
    },
    "nixpkgs": {
      "locked": {
        "lastModified": 1765772535,
        "narHash": "sha256-aq+dQoaPONOSjtFIBnAXseDm9TUhIbe215TPmkfMYww=",
        "owner": "nixos",
        "repo": "nixpkgs",
        "rev": "09b8fda8959d761445f12b55f380d90375a1d6bb",
        "type": "github"
      },
      "original": {
        "owner": "nixos",
        "ref": "nixpkgs-unstable",
        "repo": "nixpkgs",
        "type": "github"
      }
    },
    "nixpkgs-esp-dev": {
      "flake": false,
      "locked": {
        "lastModified": 1760647834,
        "narHash": "sha256-cy80dgIs8uvush55hfV7a5ZHLOml/lDvsawayi5s/sc=",
        "owner": "mirrexagon",
        "repo": "nixpkgs-esp-dev",
        "rev": "a9ee12a6c8235eb5a9d94934d3e79afac2103ffb",
        "type": "github"
      },
      "original": {
        "owner": "mirrexagon",
        "repo": "nixpkgs-esp-dev",
        "type": "github"
      }
    },
    "panda-ng": {
      "inputs": {
        "libpanda-ng-src": "libpanda-ng-src",
        "nixpkgs": [
          "nixpkgs"
        ],
        "panda-qemu-src": [
          "panda-qemu"
        ]
      },
      "locked": {
        "lastModified": 1766014599,
        "narHash": "sha256-xkcsx6A9DcidO/GiwK35rcho+q08J7NYqZh3iQ1m4J0=",
        "owner": "rehostingdev",
        "repo": "panda-ng",
        "rev": "16e99a5453bd24fdbef9922521a32f0779d9fc5b",
        "type": "github"
      },
      "original": {
        "owner": "rehostingdev",
        "ref": "nix-flake-init",
        "repo": "panda-ng",
        "type": "github"
      }
    },
    "panda-qemu": {
      "flake": false,
      "locked": {
        "lastModified": 1765392154,
        "narHash": "sha256-ygn7okZ33+A13/wptaHvEBWz2Ezi1I3MSViFcNEe5G8=",
        "owner": "panda-re",
        "repo": "qemu",
        "rev": "9a518e36aaeb521e98c1641b0d2548d1e11198f7",
        "type": "github"
      },
      "original": {
        "owner": "panda-re",
        "ref": "wrapup-rebase",
        "repo": "qemu",
        "type": "github"
      }
    },
    "pyproject-build-systems": {
      "inputs": {
        "nixpkgs": [
          "nixpkgs"
        ],
        "pyproject-nix": [
          "pyproject-nix"
        ],
        "uv2nix": [
          "uv2nix"
        ]
      },
      "locked": {
        "lastModified": 1763662255,
        "narHash": "sha256-4bocaOyLa3AfiS8KrWjZQYu+IAta05u3gYZzZ6zXbT0=",
        "owner": "pyproject-nix",
        "repo": "build-system-pkgs",
        "rev": "042904167604c681a090c07eb6967b4dd4dae88c",
        "type": "github"
      },
      "original": {
        "owner": "pyproject-nix",
        "repo": "build-system-pkgs",
        "type": "github"
      }
    },
    "pyproject-nix": {
      "inputs": {
        "nixpkgs": [
          "nixpkgs"
        ]
      },
      "locked": {
        "lastModified": 1764134915,
        "narHash": "sha256-xaKvtPx6YAnA3HQVp5LwyYG1MaN4LLehpQI8xEdBvBY=",
        "owner": "pyproject-nix",
        "repo": "pyproject.nix",
        "rev": "2c8df1383b32e5443c921f61224b198a2282a657",
        "type": "github"
      },
      "original": {
        "owner": "pyproject-nix",
        "repo": "pyproject.nix",
        "type": "github"
      }
    },
    "root": {
      "inputs": {
        "nixpkgs": "nixpkgs",
        "nixpkgs-esp-dev": "nixpkgs-esp-dev",
        "panda-ng": "panda-ng",
        "panda-qemu": "panda-qemu",
        "pyproject-build-systems": "pyproject-build-systems",
        "pyproject-nix": "pyproject-nix",
        "uv2nix": "uv2nix"
      }
    },
    "uv2nix": {
      "inputs": {
        "nixpkgs": [
          "nixpkgs"
        ],
        "pyproject-nix": [
          "pyproject-nix"
        ]
      },
      "locked": {
        "lastModified": 1765631794,
        "narHash": "sha256-90d//IZ4GXipNsngO4sb2SAPbIC/a2P+IAdAWOwpcOM=",
        "owner": "pyproject-nix",
        "repo": "uv2nix",
        "rev": "4cca323a547a1aaa9b94929c4901bed5343eafe8",
        "type": "github"
      },
      "original": {
        "owner": "pyproject-nix",
        "repo": "uv2nix",
        "type": "github"
      }
    }
  },
  "root": "root",
  "version": 7
}
