{
  "nodes": {
    "libpanda-ng-src": {
      "flake": false,
      "locked": {
        "lastModified": 1770663360,
        "narHash": "sha256-2p4U5IMSj4nxMUMt49Zvwgftq7XXW8V4OxYBRvOUM2M=",
        "owner": "panda-re",
        "repo": "libpanda-ng",
        "rev": "3f2a9c6e817267f734015d68ec18d53849731317",
        "type": "github"
      },
      "original": {
        "owner": "panda-re",
        "repo": "libpanda-ng",
        "type": "github"
      }
    },
    "nixpkgs": {
      "locked": {
        "lastModified": 1777826146,
        "narHash": "sha256-wQ/iN5Zp5VIa3ebBibijPnLyKhor+xEbDy4d0goa9Zs=",
        "owner": "nixos",
        "repo": "nixpkgs",
        "rev": "73c703c22422b8951895a960959dbbaca7296492",
        "type": "github"
      },
      "original": {
        "owner": "nixos",
        "ref": "nixpkgs-unstable",
        "repo": "nixpkgs",
        "type": "github"
      }
    },
    "panda-ng": {
      "inputs": {
        "libpanda-ng-src": "libpanda-ng-src",
        "nixpkgs": [
          "nixpkgs"
        ],
        "panda-qemu-src": "panda-qemu-src"
      },
      "locked": {
        "lastModified": 1774888919,
        "narHash": "sha256-NKcs04Todw6kCv1PZx/reLbLsmX9NMouLwhk28c1hwM=",
        "owner": "panda-re",
        "repo": "panda-ng",
        "rev": "fdfbf0a53860ad8460953880814ddae61635a0c8",
        "type": "github"
      },
      "original": {
        "owner": "panda-re",
        "repo": "panda-ng",
        "type": "github"
      }
    },
    "panda-qemu-src": {
      "flake": false,
      "locked": {
        "lastModified": 1766081023,
        "narHash": "sha256-TxKoOTS/2fsagOG45W/W8qbqVMI1Jmf/d1Sr4+nZKZY=",
        "owner": "panda-re",
        "repo": "qemu",
        "rev": "e6abc873c29149c160d096fa4df6c3d1f7da6b88",
        "type": "github"
      },
      "original": {
        "owner": "panda-re",
        "ref": "wrapup-rebase",
        "repo": "qemu",
        "type": "github"
      }
    },
    "pyproject-build-systems": {
      "inputs": {
        "nixpkgs": [
          "nixpkgs"
        ],
        "pyproject-nix": [
          "pyproject-nix"
        ],
        "uv2nix": [
          "uv2nix"
        ]
      },
      "locked": {
        "lastModified": 1776659114,
        "narHash": "sha256-qapCOQmR++yZSY43dzrp3wCrkOTLpod+ONtJWBk6iKU=",
        "owner": "pyproject-nix",
        "repo": "build-system-pkgs",
        "rev": "ffaa2161dd5d63e0e94591f86b54fc239660fb2e",
        "type": "github"
      },
      "original": {
        "owner": "pyproject-nix",
        "repo": "build-system-pkgs",
        "type": "github"
      }
    },
    "pyproject-nix": {
      "inputs": {
        "nixpkgs": [
          "nixpkgs"
        ]
      },
      "locked": {
        "lastModified": 1776715674,
        "narHash": "sha256-Gs1VnEkCkkRZxJQAC/Dhz0Jbfi22mFXChbtNg9w/Ybg=",
        "owner": "pyproject-nix",
        "repo": "pyproject.nix",
        "rev": "69f57f27e52a87c54e28138a75ec741cd46663c9",
        "type": "github"
      },
      "original": {
        "owner": "pyproject-nix",
        "repo": "pyproject.nix",
        "type": "github"
      }
    },
    "root": {
      "inputs": {
        "nixpkgs": "nixpkgs",
        "panda-ng": "panda-ng",
        "pyproject-build-systems": "pyproject-build-systems",
        "pyproject-nix": "pyproject-nix",
        "uv2nix": "uv2nix"
      }
    },
    "uv2nix": {
      "inputs": {
        "nixpkgs": [
          "nixpkgs"
        ],
        "pyproject-nix": [
          "pyproject-nix"
        ]
      },
      "locked": {
        "lastModified": 1777463177,
        "narHash": "sha256-1PcD0+IZPQXyvmXJ1OYH+23sRc9IyOKrUUBYZonVBm8=",
        "owner": "pyproject-nix",
        "repo": "uv2nix",
        "rev": "6c53dcf4d3f63240f57e0b0c826cb15eda61f249",
        "type": "github"
      },
      "original": {
        "owner": "pyproject-nix",
        "repo": "uv2nix",
        "type": "github"
      }
    }
  },
  "root": "root",
  "version": 7
}
