{
  "nodes": {
    "deb2nix": {
      "inputs": {
        "nixpkgs": [
          "nixpkgs"
        ]
      },
      "locked": {
        "lastModified": 1762371332,
        "narHash": "sha256-/5h5uwBPHyAzu07llUE5xBputs/gvxilvG6i0p2lm34=",
        "owner": "kylesferrazza",
        "repo": "deb2nix",
        "rev": "083be9cc5b1a0ee5d02b9f841560d97ea4ce9121",
        "type": "gitlab"
      },
      "original": {
        "owner": "kylesferrazza",
        "repo": "deb2nix",
        "type": "gitlab"
      }
    },
    "nixpkgs": {
      "locked": {
        "lastModified": 1762111121,
        "narHash": "sha256-4vhDuZ7OZaZmKKrnDpxLZZpGIJvAeMtK6FKLJYUtAdw=",
        "owner": "nixos",
        "repo": "nixpkgs",
        "rev": "b3d51a0365f6695e7dd5cdf3e180604530ed33b4",
        "type": "github"
      },
      "original": {
        "owner": "nixos",
        "ref": "nixos-unstable",
        "repo": "nixpkgs",
        "type": "github"
      }
    },
    "root": {
      "inputs": {
        "deb2nix": "deb2nix",
        "nixpkgs": "nixpkgs"
      }
    }
  },
  "root": "root",
  "version": 7
}
